
Microsoft Visual Studio Solution File, Format Version 12.00
# Visual Studio Version 16
VisualStudioVersion = 16.0.30804.86
MinimumVisualStudioVersion = 10.0.40219.1
Project("{9A19103F-16F7-4668-BE54-9A1E7A4F7556}") = "Angular_Ex1_Backend", "Angular_Ex1_Backend\Angular_Ex1_Backend.csproj", "{8E96A896-26C0-4CB0-BA53-B71EBB9ABE6F}"
EndProject
Project("{FAE04EC0-301F-11D3-BF4B-00C04F79EFBC}") = "AuthServer", "AuthServer\AuthServer.csproj", "{1A81A452-BD14-4CCB-A2C0-B806145D94F7}"
EndProject
Global
	GlobalSection(SolutionConfigurationPlatforms) = preSolution
		Debug|Any CPU = Debug|Any CPU
		Release|Any CPU = Release|Any CPU
	EndGlobalSection
	GlobalSection(ProjectConfigurationPlatforms) = postSolution
		{8E96A896-26C0-4CB0-BA53-B71EBB9ABE6F}.Debug|Any CPU.ActiveCfg = Debug|Any CPU
		{8E96A896-26C0-4CB0-BA53-B71EBB9ABE6F}.Debug|Any CPU.Build.0 = Debug|Any CPU
		{8E96A896-26C0-4CB0-BA53-B71EBB9ABE6F}.Release|Any CPU.ActiveCfg = Release|Any CPU
		{8E96A896-26C0-4CB0-BA53-B71EBB9ABE6F}.Release|Any CPU.Build.0 = Release|Any CPU
		{1A81A452-BD14-4CCB-A2C0-B806145D94F7}.Debug|Any CPU.ActiveCfg = Debug|Any CPU
		{1A81A452-BD14-4CCB-A2C0-B806145D94F7}.Debug|Any CPU.Build.0 = Debug|Any CPU
		{1A81A452-BD14-4CCB-A2C0-B806145D94F7}.Release|Any CPU.ActiveCfg = Release|Any CPU
		{1A81A452-BD14-4CCB-A2C0-B806145D94F7}.Release|Any CPU.Build.0 = Release|Any CPU
	EndGlobalSection
	GlobalSection(SolutionProperties) = preSolution
		HideSolutionNode = FALSE
	EndGlobalSection
	GlobalSection(ExtensibilityGlobals) = postSolution
		SolutionGuid = {429A8087-AA83-4777-BF27-0AE180196F41}
	EndGlobalSection
EndGlobal
